schema: '2.0'
stages:
  train:
    cmd: python train.py
    deps:
    - path: data.csv
      hash: md5
      md5: ece1deeeef400c437a2132568fcf54ce
      size: 4323
    - path: train.py
      hash: md5
      md5: a208464d34d850278ab223aa10801aba
      size: 1000
    outs:
    - path: model.pkl
      hash: md5
      md5: 50e3751ef29464e513bb47b4d6c4c3b9
      size: 913
